
Microsoft Visual Studio Solution File, Format Version 12.00
# Visual Studio 15
Project("{FAE04EC0-301F-11D3-BF4B-00C04F79EFBC}") = "Assembly-CSharp", "Assembly-CSharp.csproj", "{AC500011-6DFF-BDC6-D08C-B405EA469FBF}"
EndProject
Project("{FAE04EC0-301F-11D3-BF4B-00C04F79EFBC}") = "Assembly-CSharp-Editor", "Assembly-CSharp-Editor.csproj", "{2D9E415F-D644-517B-9635-6960544759EA}"
EndProject
Global
	GlobalSection(SolutionConfigurationPlatforms) = preSolution
		Debug|Any CPU = Debug|Any CPU
		Release|Any CPU = Release|Any CPU
	EndGlobalSection
	GlobalSection(ProjectConfigurationPlatforms) = postSolution
		{AC500011-6DFF-BDC6-D08C-B405EA469FBF}.Debug|Any CPU.ActiveCfg = Debug|Any CPU
		{AC500011-6DFF-BDC6-D08C-B405EA469FBF}.Debug|Any CPU.Build.0 = Debug|Any CPU
		{AC500011-6DFF-BDC6-D08C-B405EA469FBF}.Release|Any CPU.ActiveCfg = Release|Any CPU
		{AC500011-6DFF-BDC6-D08C-B405EA469FBF}.Release|Any CPU.Build.0 = Release|Any CPU
		{2D9E415F-D644-517B-9635-6960544759EA}.Debug|Any CPU.ActiveCfg = Debug|Any CPU
		{2D9E415F-D644-517B-9635-6960544759EA}.Debug|Any CPU.Build.0 = Debug|Any CPU
		{2D9E415F-D644-517B-9635-6960544759EA}.Release|Any CPU.ActiveCfg = Release|Any CPU
		{2D9E415F-D644-517B-9635-6960544759EA}.Release|Any CPU.Build.0 = Release|Any CPU
	EndGlobalSection
	GlobalSection(SolutionProperties) = preSolution
		HideSolutionNode = FALSE
	EndGlobalSection
EndGlobal
